
Microsoft Visual Studio Solution File, Format Version 12.00
# Visual Studio Version 17
VisualStudioVersion = 17.8.34309.116
MinimumVisualStudioVersion = 10.0.40219.1
Project("{9A19103F-16F7-4668-BE54-9A1E7A4F7556}") = "Starter.Domain", "src\Core\Starter.Domain\Starter.Domain.csproj", "{CE61E4A3-7D6D-4550-9C73-6150192D11D4}"
EndProject
Project("{9A19103F-16F7-4668-BE54-9A1E7A4F7556}") = "Starter.Application", "src\Core\Starter.Application\Starter.Application.csproj", "{437AFD6E-F598-4F64-85F7-CFDFA56EF0F7}"
EndProject
Project("{9A19103F-16F7-4668-BE54-9A1E7A4F7556}") = "Starter.Identity", "src\InfraStructure\Starter.Identity\Starter.Identity.csproj", "{26C52C4F-D5C8-495A-B791-3356970C90AD}"
EndProject
Project("{9A19103F-16F7-4668-BE54-9A1E7A4F7556}") = "Starter.InfraStructure", "src\InfraStructure\Starter.InfraStructure\Starter.InfraStructure.csproj", "{DAE5EAE7-6C04-4202-A485-5EE4296C97F4}"
EndProject
Project("{9A19103F-16F7-4668-BE54-9A1E7A4F7556}") = "Starter.Persistence", "src\InfraStructure\Starter.Persistence\Starter.Persistence.csproj", "{0EAB4EF1-B892-4F59-9647-51AC205CAC87}"
EndProject
Project("{9A19103F-16F7-4668-BE54-9A1E7A4F7556}") = "Starter.API", "src\API\Starter.API\Starter.API.csproj", "{C4C2853F-7CF0-486D-9357-63738D708981}"
EndProject
Project("{2150E333-8FDC-42A3-9474-1A3956D46DE8}") = "Core", "Core", "{B2E3AC09-1A09-4318-8188-D1A422930AEB}"
EndProject
Project("{2150E333-8FDC-42A3-9474-1A3956D46DE8}") = "API", "API", "{EBBD5056-1BE7-4A2F-93CD-9160B828FF1A}"
EndProject
Project("{2150E333-8FDC-42A3-9474-1A3956D46DE8}") = "Infrastructure", "Infrastructure", "{1B1F615D-B4F6-48EF-9CCA-CE766B2E5C08}"
EndProject
Project("{2150E333-8FDC-42A3-9474-1A3956D46DE8}") = "UI", "UI", "{F4F83A5D-4573-4A7B-81E9-527DDE88B9C8}"
EndProject
Project("{2150E333-8FDC-42A3-9474-1A3956D46DE8}") = "src", "src", "{D08A48E2-8B73-4A6B-8339-C4FFFA9E6D18}"
EndProject
Project("{2150E333-8FDC-42A3-9474-1A3956D46DE8}") = "tests", "tests", "{98B193AE-D6CE-4BF2-BB61-6B494DDB59D3}"
EndProject
Project("{2150E333-8FDC-42A3-9474-1A3956D46DE8}") = "Solution Items", "Solution Items", "{8E5D44C5-1919-4F20-B1F0-EC7BA2799B97}"
	ProjectSection(SolutionItems) = preProject
		.editorconfig = .editorconfig
		Directory.Packages.props = Directory.Packages.props
		README.md = README.md
	EndProjectSection
EndProject
Project("{2150E333-8FDC-42A3-9474-1A3956D46DE8}") = "Angular", "Angular", "{7758A3B5-29D5-4060-9C9E-1BFDF8802CE6}"
EndProject
Project("{2150E333-8FDC-42A3-9474-1A3956D46DE8}") = "Blazor", "Blazor", "{6B2BE1C4-FEB9-40C1-ADC3-8E308BCF68E0}"
EndProject
Project("{54A90642-561A-4BB1-A94E-469ADEE60C69}") = "Angular.Starter", "src\UI\Angular\Angular.Starter.esproj", "{75A7C4A0-23E6-4BF2-9078-44962E324C61}"
EndProject
Project("{E53339B2-1760-4266-BCC7-CA923CBCF16C}") = "docker-compose", "docker-compose.dcproj", "{F4FA8369-D9AA-4BC1-9851-3FE6072F7FA3}"
EndProject
Global
	GlobalSection(SolutionConfigurationPlatforms) = preSolution
		Debug|Any CPU = Debug|Any CPU
		Release|Any CPU = Release|Any CPU
	EndGlobalSection
	GlobalSection(ProjectConfigurationPlatforms) = postSolution
		{CE61E4A3-7D6D-4550-9C73-6150192D11D4}.Debug|Any CPU.ActiveCfg = Debug|Any CPU
		{CE61E4A3-7D6D-4550-9C73-6150192D11D4}.Debug|Any CPU.Build.0 = Debug|Any CPU
		{CE61E4A3-7D6D-4550-9C73-6150192D11D4}.Release|Any CPU.ActiveCfg = Release|Any CPU
		{CE61E4A3-7D6D-4550-9C73-6150192D11D4}.Release|Any CPU.Build.0 = Release|Any CPU
		{437AFD6E-F598-4F64-85F7-CFDFA56EF0F7}.Debug|Any CPU.ActiveCfg = Debug|Any CPU
		{437AFD6E-F598-4F64-85F7-CFDFA56EF0F7}.Debug|Any CPU.Build.0 = Debug|Any CPU
		{437AFD6E-F598-4F64-85F7-CFDFA56EF0F7}.Release|Any CPU.ActiveCfg = Release|Any CPU
		{437AFD6E-F598-4F64-85F7-CFDFA56EF0F7}.Release|Any CPU.Build.0 = Release|Any CPU
		{26C52C4F-D5C8-495A-B791-3356970C90AD}.Debug|Any CPU.ActiveCfg = Debug|Any CPU
		{26C52C4F-D5C8-495A-B791-3356970C90AD}.Debug|Any CPU.Build.0 = Debug|Any CPU
		{26C52C4F-D5C8-495A-B791-3356970C90AD}.Release|Any CPU.ActiveCfg = Release|Any CPU
		{26C52C4F-D5C8-495A-B791-3356970C90AD}.Release|Any CPU.Build.0 = Release|Any CPU
		{DAE5EAE7-6C04-4202-A485-5EE4296C97F4}.Debug|Any CPU.ActiveCfg = Debug|Any CPU
		{DAE5EAE7-6C04-4202-A485-5EE4296C97F4}.Debug|Any CPU.Build.0 = Debug|Any CPU
		{DAE5EAE7-6C04-4202-A485-5EE4296C97F4}.Release|Any CPU.ActiveCfg = Release|Any CPU
		{DAE5EAE7-6C04-4202-A485-5EE4296C97F4}.Release|Any CPU.Build.0 = Release|Any CPU
		{0EAB4EF1-B892-4F59-9647-51AC205CAC87}.Debug|Any CPU.ActiveCfg = Debug|Any CPU
		{0EAB4EF1-B892-4F59-9647-51AC205CAC87}.Debug|Any CPU.Build.0 = Debug|Any CPU
		{0EAB4EF1-B892-4F59-9647-51AC205CAC87}.Release|Any CPU.ActiveCfg = Release|Any CPU
		{0EAB4EF1-B892-4F59-9647-51AC205CAC87}.Release|Any CPU.Build.0 = Release|Any CPU
		{C4C2853F-7CF0-486D-9357-63738D708981}.Debug|Any CPU.ActiveCfg = Debug|Any CPU
		{C4C2853F-7CF0-486D-9357-63738D708981}.Debug|Any CPU.Build.0 = Debug|Any CPU
		{C4C2853F-7CF0-486D-9357-63738D708981}.Release|Any CPU.ActiveCfg = Release|Any CPU
		{C4C2853F-7CF0-486D-9357-63738D708981}.Release|Any CPU.Build.0 = Release|Any CPU
		{75A7C4A0-23E6-4BF2-9078-44962E324C61}.Debug|Any CPU.ActiveCfg = Debug|Any CPU
		{75A7C4A0-23E6-4BF2-9078-44962E324C61}.Release|Any CPU.ActiveCfg = Release|Any CPU
		{75A7C4A0-23E6-4BF2-9078-44962E324C61}.Release|Any CPU.Build.0 = Release|Any CPU
		{75A7C4A0-23E6-4BF2-9078-44962E324C61}.Release|Any CPU.Deploy.0 = Release|Any CPU
		{F4FA8369-D9AA-4BC1-9851-3FE6072F7FA3}.Debug|Any CPU.ActiveCfg = Debug|Any CPU
		{F4FA8369-D9AA-4BC1-9851-3FE6072F7FA3}.Debug|Any CPU.Build.0 = Debug|Any CPU
		{F4FA8369-D9AA-4BC1-9851-3FE6072F7FA3}.Release|Any CPU.ActiveCfg = Release|Any CPU
		{F4FA8369-D9AA-4BC1-9851-3FE6072F7FA3}.Release|Any CPU.Build.0 = Release|Any CPU
	EndGlobalSection
	GlobalSection(SolutionProperties) = preSolution
		HideSolutionNode = FALSE
	EndGlobalSection
	GlobalSection(NestedProjects) = preSolution
		{CE61E4A3-7D6D-4550-9C73-6150192D11D4} = {B2E3AC09-1A09-4318-8188-D1A422930AEB}
		{437AFD6E-F598-4F64-85F7-CFDFA56EF0F7} = {B2E3AC09-1A09-4318-8188-D1A422930AEB}
		{26C52C4F-D5C8-495A-B791-3356970C90AD} = {1B1F615D-B4F6-48EF-9CCA-CE766B2E5C08}
		{DAE5EAE7-6C04-4202-A485-5EE4296C97F4} = {1B1F615D-B4F6-48EF-9CCA-CE766B2E5C08}
		{0EAB4EF1-B892-4F59-9647-51AC205CAC87} = {1B1F615D-B4F6-48EF-9CCA-CE766B2E5C08}
		{C4C2853F-7CF0-486D-9357-63738D708981} = {EBBD5056-1BE7-4A2F-93CD-9160B828FF1A}
		{B2E3AC09-1A09-4318-8188-D1A422930AEB} = {D08A48E2-8B73-4A6B-8339-C4FFFA9E6D18}
		{EBBD5056-1BE7-4A2F-93CD-9160B828FF1A} = {D08A48E2-8B73-4A6B-8339-C4FFFA9E6D18}
		{1B1F615D-B4F6-48EF-9CCA-CE766B2E5C08} = {D08A48E2-8B73-4A6B-8339-C4FFFA9E6D18}
		{F4F83A5D-4573-4A7B-81E9-527DDE88B9C8} = {D08A48E2-8B73-4A6B-8339-C4FFFA9E6D18}
		{7758A3B5-29D5-4060-9C9E-1BFDF8802CE6} = {F4F83A5D-4573-4A7B-81E9-527DDE88B9C8}
		{6B2BE1C4-FEB9-40C1-ADC3-8E308BCF68E0} = {F4F83A5D-4573-4A7B-81E9-527DDE88B9C8}
		{75A7C4A0-23E6-4BF2-9078-44962E324C61} = {7758A3B5-29D5-4060-9C9E-1BFDF8802CE6}
	EndGlobalSection
	GlobalSection(ExtensibilityGlobals) = postSolution
		SolutionGuid = {1B0E8F69-3461-4C6F-9EDE-5C0269B198AA}
	EndGlobalSection
EndGlobal
